
Microsoft Visual Studio Solution File, Format Version 12.00
# Visual Studio Version 16
VisualStudioVersion = 16.0.31515.178
MinimumVisualStudioVersion = 10.0.40219.1
Project("{FAE04EC0-301F-11D3-BF4B-00C04F79EFBC}") = "Entities", "Entities\Entities.csproj", "{F7C103C7-E4D8-4594-A062-AF3667A72EA0}"
EndProject
Project("{FAE04EC0-301F-11D3-BF4B-00C04F79EFBC}") = "DataAccess", "DataAccess\DataAccess.csproj", "{CF1DF03B-BF60-418A-B31A-903FDE59D4E5}"
EndProject
Project("{FAE04EC0-301F-11D3-BF4B-00C04F79EFBC}") = "Business", "Business\Business.csproj", "{739E62D4-6FFF-479E-9355-63B581A4AF6B}"
EndProject
Project("{FAE04EC0-301F-11D3-BF4B-00C04F79EFBC}") = "Core", "Core\Core.csproj", "{77E48FA9-A6EF-402F-8904-B332ADA0D108}"
EndProject
Project("{FAE04EC0-301F-11D3-BF4B-00C04F79EFBC}") = "TestConsole", "TestConsole\TestConsole.csproj", "{8A7862D8-1DCF-4977-BD77-0FC8BC747644}"
EndProject
Global
	GlobalSection(SolutionConfigurationPlatforms) = preSolution
		Debug|Any CPU = Debug|Any CPU
		Release|Any CPU = Release|Any CPU
	EndGlobalSection
	GlobalSection(ProjectConfigurationPlatforms) = postSolution
		{F7C103C7-E4D8-4594-A062-AF3667A72EA0}.Debug|Any CPU.ActiveCfg = Debug|Any CPU
		{F7C103C7-E4D8-4594-A062-AF3667A72EA0}.Debug|Any CPU.Build.0 = Debug|Any CPU
		{F7C103C7-E4D8-4594-A062-AF3667A72EA0}.Release|Any CPU.ActiveCfg = Release|Any CPU
		{F7C103C7-E4D8-4594-A062-AF3667A72EA0}.Release|Any CPU.Build.0 = Release|Any CPU
		{CF1DF03B-BF60-418A-B31A-903FDE59D4E5}.Debug|Any CPU.ActiveCfg = Debug|Any CPU
		{CF1DF03B-BF60-418A-B31A-903FDE59D4E5}.Debug|Any CPU.Build.0 = Debug|Any CPU
		{CF1DF03B-BF60-418A-B31A-903FDE59D4E5}.Release|Any CPU.ActiveCfg = Release|Any CPU
		{CF1DF03B-BF60-418A-B31A-903FDE59D4E5}.Release|Any CPU.Build.0 = Release|Any CPU
		{739E62D4-6FFF-479E-9355-63B581A4AF6B}.Debug|Any CPU.ActiveCfg = Debug|Any CPU
		{739E62D4-6FFF-479E-9355-63B581A4AF6B}.Debug|Any CPU.Build.0 = Debug|Any CPU
		{739E62D4-6FFF-479E-9355-63B581A4AF6B}.Release|Any CPU.ActiveCfg = Release|Any CPU
		{739E62D4-6FFF-479E-9355-63B581A4AF6B}.Release|Any CPU.Build.0 = Release|Any CPU
		{77E48FA9-A6EF-402F-8904-B332ADA0D108}.Debug|Any CPU.ActiveCfg = Debug|Any CPU
		{77E48FA9-A6EF-402F-8904-B332ADA0D108}.Debug|Any CPU.Build.0 = Debug|Any CPU
		{77E48FA9-A6EF-402F-8904-B332ADA0D108}.Release|Any CPU.ActiveCfg = Release|Any CPU
		{77E48FA9-A6EF-402F-8904-B332ADA0D108}.Release|Any CPU.Build.0 = Release|Any CPU
		{8A7862D8-1DCF-4977-BD77-0FC8BC747644}.Debug|Any CPU.ActiveCfg = Debug|Any CPU
		{8A7862D8-1DCF-4977-BD77-0FC8BC747644}.Debug|Any CPU.Build.0 = Debug|Any CPU
		{8A7862D8-1DCF-4977-BD77-0FC8BC747644}.Release|Any CPU.ActiveCfg = Release|Any CPU
		{8A7862D8-1DCF-4977-BD77-0FC8BC747644}.Release|Any CPU.Build.0 = Release|Any CPU
	EndGlobalSection
	GlobalSection(SolutionProperties) = preSolution
		HideSolutionNode = FALSE
	EndGlobalSection
	GlobalSection(ExtensibilityGlobals) = postSolution
		SolutionGuid = {DA67C757-BDA3-4E05-A629-508CD8FA89F9}
	EndGlobalSection
EndGlobal
